
Microsoft Visual Studio Solution File, Format Version 12.00
# Visual Studio Version 16
VisualStudioVersion = 16.0.30114.105
MinimumVisualStudioVersion = 10.0.40219.1
Project("{9A19103F-16F7-4668-BE54-9A1E7A4F7556}") = "VortexLatticeConsoleUI", "VortexLatticeConsoleUI\VortexLatticeConsoleUI.csproj", "{6F870C29-59EC-4EAC-8841-AA2DBCAABAB8}"
EndProject
Project("{FAE04EC0-301F-11D3-BF4B-00C04F79EFBC}") = "VortexLatticeClassLibrary", "VortexLatticeClassLibrary\VortexLatticeClassLibrary.csproj", "{175872D7-8734-4CEA-9556-F44702CE53B8}"
EndProject
Global
	GlobalSection(SolutionConfigurationPlatforms) = preSolution
		Debug|Any CPU = Debug|Any CPU
		Release|Any CPU = Release|Any CPU
	EndGlobalSection
	GlobalSection(ProjectConfigurationPlatforms) = postSolution
		{6F870C29-59EC-4EAC-8841-AA2DBCAABAB8}.Debug|Any CPU.ActiveCfg = Debug|Any CPU
		{6F870C29-59EC-4EAC-8841-AA2DBCAABAB8}.Debug|Any CPU.Build.0 = Debug|Any CPU
		{6F870C29-59EC-4EAC-8841-AA2DBCAABAB8}.Release|Any CPU.ActiveCfg = Release|Any CPU
		{6F870C29-59EC-4EAC-8841-AA2DBCAABAB8}.Release|Any CPU.Build.0 = Release|Any CPU
		{175872D7-8734-4CEA-9556-F44702CE53B8}.Debug|Any CPU.ActiveCfg = Debug|Any CPU
		{175872D7-8734-4CEA-9556-F44702CE53B8}.Debug|Any CPU.Build.0 = Debug|Any CPU
		{175872D7-8734-4CEA-9556-F44702CE53B8}.Release|Any CPU.ActiveCfg = Release|Any CPU
		{175872D7-8734-4CEA-9556-F44702CE53B8}.Release|Any CPU.Build.0 = Release|Any CPU
	EndGlobalSection
	GlobalSection(SolutionProperties) = preSolution
		HideSolutionNode = FALSE
	EndGlobalSection
	GlobalSection(ExtensibilityGlobals) = postSolution
		SolutionGuid = {31A0E28B-9AFB-4A1D-A853-5A99DE40C9A9}
	EndGlobalSection
EndGlobal
